lockfileVersion: '9.0'

settings:
  autoInstallPeers: true
  excludeLinksFromLockfile: false

importers:

  .:
    dependencies:
      tailwind-scrollbar:
        specifier: ^4.0.1
        version: 4.0.1(react@19.0.0)(tailwindcss@4.0.15)

packages:

  '@types/prismjs@1.26.5':
    resolution: {integrity: sha512-AUZTa7hQ2KY5L7AmtSiqxlhWxb4ina0yd8hNbl4TWuqnv/pFP0nDMb3YrfSBf4hJVGLh2YEIBfKaBW/9UEl6IQ==}

  clsx@2.1.1:
    resolution: {integrity: sha512-eYm0QWBtUrBWZWG0d386OGAw16Z995PiOVo2B7bjWSbHedGl5e0ZWaq65kOGgUSNesEIDkB9ISbTg/JK9dhCZA==}
    engines: {node: '>=6'}

  prism-react-renderer@2.4.1:
    resolution: {integrity: sha512-ey8Ls/+Di31eqzUxC46h8MksNuGx/n0AAC8uKpwFau4RPDYLuE3EXTp8N8G2vX2N7UC/+IXeNUnlWBGGcAG+Ig==}
    peerDependencies:
      react: '>=16.0.0'

  react@19.0.0:
    resolution: {integrity: sha512-V8AVnmPIICiWpGfm6GLzCR/W5FXLchHop40W4nXBmdlEceh16rCN8O8LNWm5bh5XUX91fh7KpA+W0TgMKmgTpQ==}
    engines: {node: '>=0.10.0'}

  tailwind-scrollbar@4.0.1:
    resolution: {integrity: sha512-j2ZfUI7p8xmSQdlqaCxEb4Mha8ErvWjDVyu2Ke4IstWprQ/6TmIz1GSLE62vsTlXwnMLYhuvbFbIFzaJGOGtMg==}
    engines: {node: '>=12.13.0'}
    peerDependencies:
      tailwindcss: 4.x

  tailwindcss@4.0.15:
    resolution: {integrity: sha512-6ZMg+hHdMJpjpeCCFasX7K+U615U9D+7k5/cDK/iRwl6GptF24+I/AbKgOnXhVKePzrEyIXutLv36n4cRsq3Sg==}

snapshots:

  '@types/prismjs@1.26.5': {}

  clsx@2.1.1: {}

  prism-react-renderer@2.4.1(react@19.0.0):
    dependencies:
      '@types/prismjs': 1.26.5
      clsx: 2.1.1
      react: 19.0.0

  react@19.0.0: {}

  tailwind-scrollbar@4.0.1(react@19.0.0)(tailwindcss@4.0.15):
    dependencies:
      prism-react-renderer: 2.4.1(react@19.0.0)
      tailwindcss: 4.0.15
    transitivePeerDependencies:
      - react

  tailwindcss@4.0.15: {}
